
Microsoft Visual Studio Solution File, Format Version 12.00
# Visual Studio Version 17
VisualStudioVersion = 17.0.31903.59
MinimumVisualStudioVersion = 10.0.40219.1
Project("{9A19103F-16F7-4668-BE54-9A1E7A4F7556}") = "Tools", "Tools\Tools.csproj", "{29E7ABDD-00E5-4DF5-B641-D65AC39215CB}"
EndProject
Project("{9A19103F-16F7-4668-BE54-9A1E7A4F7556}") = "Day01_1", "Day01_1\Day01_1.csproj", "{FB023793-7ABD-40A8-B0B0-117AB3486017}"
EndProject
Project("{9A19103F-16F7-4668-BE54-9A1E7A4F7556}") = "Day01_2", "Day01_2\Day01_2.csproj", "{2EDD084E-58F6-48A4-B287-37D2BFF6C188}"
EndProject
Project("{9A19103F-16F7-4668-BE54-9A1E7A4F7556}") = "Day02_1", "Day02_1\Day02_1.csproj", "{960576E4-7A5C-49B9-B43F-5A4525FA3E83}"
EndProject
Project("{9A19103F-16F7-4668-BE54-9A1E7A4F7556}") = "Day02_2", "Day02_2\Day02_2.csproj", "{027E7703-4974-46D3-AE3F-5B298A8EFD6C}"
EndProject
Project("{9A19103F-16F7-4668-BE54-9A1E7A4F7556}") = "Day03_1", "Day03_1\Day03_1.csproj", "{F2CAF256-F59A-4459-B9AC-E1457B92DC97}"
EndProject
Project("{9A19103F-16F7-4668-BE54-9A1E7A4F7556}") = "Day03_2", "Day03_2\Day03_2.csproj", "{731B0BEC-2976-4C73-AC26-8D934C5D2E7A}"
EndProject
Project("{9A19103F-16F7-4668-BE54-9A1E7A4F7556}") = "Day04_1", "Day04_1\Day04_1.csproj", "{F550291D-5B70-46AD-9B71-E76CEDF3C96B}"
EndProject
Project("{9A19103F-16F7-4668-BE54-9A1E7A4F7556}") = "Day04_2", "Day04_2\Day04_2.csproj", "{D56D7F83-50E6-4454-A16E-F44E9365D698}"
EndProject
Project("{9A19103F-16F7-4668-BE54-9A1E7A4F7556}") = "Day05_1", "Day05_1\Day05_1.csproj", "{496DC0F3-353E-4BB8-8AE8-A5850820983A}"
EndProject
Project("{9A19103F-16F7-4668-BE54-9A1E7A4F7556}") = "Day05_2", "Day05_2\Day05_2.csproj", "{AB325280-FE07-4ADB-8937-DCEBBF116A92}"
EndProject
Project("{9A19103F-16F7-4668-BE54-9A1E7A4F7556}") = "Day06_1", "Day06_1\Day06_1.csproj", "{8DCCC312-030F-4DCA-8EB9-1F6F0D7C0B50}"
EndProject
Project("{9A19103F-16F7-4668-BE54-9A1E7A4F7556}") = "Day06_2", "Day06_2\Day06_2.csproj", "{006C9E68-07A8-4838-BBE4-A712D05B61D2}"
EndProject
Project("{9A19103F-16F7-4668-BE54-9A1E7A4F7556}") = "Day07_1", "Day07_1\Day07_1.csproj", "{0BF4C619-0B31-4E6B-8279-FB285C3B6C32}"
EndProject
Project("{9A19103F-16F7-4668-BE54-9A1E7A4F7556}") = "Day07_2", "Day07_2\Day07_2.csproj", "{1BDB87A7-F588-46DC-8D62-73F575524837}"
EndProject
Project("{9A19103F-16F7-4668-BE54-9A1E7A4F7556}") = "Day08_1", "Day08_1\Day08_1.csproj", "{AD6A5FEE-AA2D-4CAC-B68C-553B4A32218E}"
EndProject
Project("{9A19103F-16F7-4668-BE54-9A1E7A4F7556}") = "Day08_2", "Day08_2\Day08_2.csproj", "{522701CD-E54E-4421-8CAF-2FCF577F8B7A}"
EndProject
Project("{9A19103F-16F7-4668-BE54-9A1E7A4F7556}") = "Day09_1", "Day09_1\Day09_1.csproj", "{F19D46A6-D530-4FEE-83DD-DF3E35937666}"
EndProject
Project("{9A19103F-16F7-4668-BE54-9A1E7A4F7556}") = "Day09_2", "Day09_2\Day09_2.csproj", "{FD6AEC5C-3A0E-4259-9220-FB69DB3ADA02}"
EndProject
Project("{9A19103F-16F7-4668-BE54-9A1E7A4F7556}") = "Day10_1", "Day10_1\Day10_1.csproj", "{9ADD6891-1451-4729-8A2C-35650A256B40}"
EndProject
Project("{9A19103F-16F7-4668-BE54-9A1E7A4F7556}") = "Day10_2", "Day10_2\Day10_2.csproj", "{ED91C9B5-714F-4F59-8122-E4BEA9B48731}"
EndProject
Project("{9A19103F-16F7-4668-BE54-9A1E7A4F7556}") = "Day11_1", "Day11_1\Day11_1.csproj", "{82444662-3614-4450-9F2C-96447773427C}"
EndProject
Project("{9A19103F-16F7-4668-BE54-9A1E7A4F7556}") = "Day11_2", "Day11_2\Day11_2.csproj", "{DBA5D241-9166-4E94-B9E9-DDD31C31B801}"
EndProject
Project("{9A19103F-16F7-4668-BE54-9A1E7A4F7556}") = "Day12_1", "Day12_1\Day12_1.csproj", "{45E1D292-DD99-4844-8473-9F1BE757EC9C}"
EndProject
Project("{9A19103F-16F7-4668-BE54-9A1E7A4F7556}") = "Day12_2", "Day12_2\Day12_2.csproj", "{87649F19-78CF-461F-B746-2AB95A194CA9}"
EndProject
Project("{9A19103F-16F7-4668-BE54-9A1E7A4F7556}") = "Day13_1", "Day13_1\Day13_1.csproj", "{8E642CA6-8434-499F-9661-B03AB0EDF897}"
EndProject
Project("{9A19103F-16F7-4668-BE54-9A1E7A4F7556}") = "Day13_2", "Day13_2\Day13_2.csproj", "{5746C379-904A-446D-B37B-3958AE03E09F}"
EndProject
Project("{9A19103F-16F7-4668-BE54-9A1E7A4F7556}") = "Day14_1", "Day14_1\Day14_1.csproj", "{4C9DC969-8F0E-471F-AE0F-8B755D340023}"
EndProject
Project("{2150E333-8FDC-42A3-9474-1A3956D46DE8}") = "01-12", "01-12", "{94125558-1A8A-42F9-BB59-B3D670D2EF5E}"
EndProject
Project("{9A19103F-16F7-4668-BE54-9A1E7A4F7556}") = "Day14_2", "Day14_2\Day14_2.csproj", "{2D96B43A-00DB-4182-B7EF-ACEFBECD69EE}"
EndProject
Project("{9A19103F-16F7-4668-BE54-9A1E7A4F7556}") = "Day15_1", "Day15_1\Day15_1.csproj", "{29FBCECF-F29A-4933-8982-AA8F4F017F0B}"
EndProject
Project("{9A19103F-16F7-4668-BE54-9A1E7A4F7556}") = "Day15_2", "Day15_2\Day15_2.csproj", "{B778A25C-D404-4123-A4B2-5DDDB6FE7848}"
EndProject
Project("{9A19103F-16F7-4668-BE54-9A1E7A4F7556}") = "Day16_1", "Day16_1\Day16_1.csproj", "{7CA7A3E5-48EB-496B-AC46-B8DF61C94AF7}"
EndProject
Project("{9A19103F-16F7-4668-BE54-9A1E7A4F7556}") = "Day16_2", "Day16_2\Day16_2.csproj", "{3024CD55-E03C-42F7-BF71-C1EA417A166C}"
EndProject
Project("{FAE04EC0-301F-11D3-BF4B-00C04F79EFBC}") = "Day18_1", "Day18_1\Day18_1.csproj", "{9BE18DAC-A3D4-470B-843F-58A7FE2C52BA}"
EndProject
Project("{FAE04EC0-301F-11D3-BF4B-00C04F79EFBC}") = "Day18_2", "Day18_2\Day18_2.csproj", "{52BF12B4-B273-4B11-B887-E9EEC38EFF22}"
EndProject
Global
	GlobalSection(SolutionConfigurationPlatforms) = preSolution
		Debug|Any CPU = Debug|Any CPU
		Release|Any CPU = Release|Any CPU
	EndGlobalSection
	GlobalSection(ProjectConfigurationPlatforms) = postSolution
		{29E7ABDD-00E5-4DF5-B641-D65AC39215CB}.Debug|Any CPU.ActiveCfg = Debug|Any CPU
		{29E7ABDD-00E5-4DF5-B641-D65AC39215CB}.Debug|Any CPU.Build.0 = Debug|Any CPU
		{29E7ABDD-00E5-4DF5-B641-D65AC39215CB}.Release|Any CPU.ActiveCfg = Release|Any CPU
		{29E7ABDD-00E5-4DF5-B641-D65AC39215CB}.Release|Any CPU.Build.0 = Release|Any CPU
		{FB023793-7ABD-40A8-B0B0-117AB3486017}.Debug|Any CPU.ActiveCfg = Debug|Any CPU
		{FB023793-7ABD-40A8-B0B0-117AB3486017}.Debug|Any CPU.Build.0 = Debug|Any CPU
		{FB023793-7ABD-40A8-B0B0-117AB3486017}.Release|Any CPU.ActiveCfg = Release|Any CPU
		{FB023793-7ABD-40A8-B0B0-117AB3486017}.Release|Any CPU.Build.0 = Release|Any CPU
		{2EDD084E-58F6-48A4-B287-37D2BFF6C188}.Debug|Any CPU.ActiveCfg = Debug|Any CPU
		{2EDD084E-58F6-48A4-B287-37D2BFF6C188}.Debug|Any CPU.Build.0 = Debug|Any CPU
		{2EDD084E-58F6-48A4-B287-37D2BFF6C188}.Release|Any CPU.ActiveCfg = Release|Any CPU
		{2EDD084E-58F6-48A4-B287-37D2BFF6C188}.Release|Any CPU.Build.0 = Release|Any CPU
		{960576E4-7A5C-49B9-B43F-5A4525FA3E83}.Debug|Any CPU.ActiveCfg = Debug|Any CPU
		{960576E4-7A5C-49B9-B43F-5A4525FA3E83}.Debug|Any CPU.Build.0 = Debug|Any CPU
		{960576E4-7A5C-49B9-B43F-5A4525FA3E83}.Release|Any CPU.ActiveCfg = Release|Any CPU
		{960576E4-7A5C-49B9-B43F-5A4525FA3E83}.Release|Any CPU.Build.0 = Release|Any CPU
		{027E7703-4974-46D3-AE3F-5B298A8EFD6C}.Debug|Any CPU.ActiveCfg = Debug|Any CPU
		{027E7703-4974-46D3-AE3F-5B298A8EFD6C}.Debug|Any CPU.Build.0 = Debug|Any CPU
		{027E7703-4974-46D3-AE3F-5B298A8EFD6C}.Release|Any CPU.ActiveCfg = Release|Any CPU
		{027E7703-4974-46D3-AE3F-5B298A8EFD6C}.Release|Any CPU.Build.0 = Release|Any CPU
		{F2CAF256-F59A-4459-B9AC-E1457B92DC97}.Debug|Any CPU.ActiveCfg = Debug|Any CPU
		{F2CAF256-F59A-4459-B9AC-E1457B92DC97}.Debug|Any CPU.Build.0 = Debug|Any CPU
		{F2CAF256-F59A-4459-B9AC-E1457B92DC97}.Release|Any CPU.ActiveCfg = Release|Any CPU
		{F2CAF256-F59A-4459-B9AC-E1457B92DC97}.Release|Any CPU.Build.0 = Release|Any CPU
		{731B0BEC-2976-4C73-AC26-8D934C5D2E7A}.Debug|Any CPU.ActiveCfg = Debug|Any CPU
		{731B0BEC-2976-4C73-AC26-8D934C5D2E7A}.Debug|Any CPU.Build.0 = Debug|Any CPU
		{731B0BEC-2976-4C73-AC26-8D934C5D2E7A}.Release|Any CPU.ActiveCfg = Release|Any CPU
		{731B0BEC-2976-4C73-AC26-8D934C5D2E7A}.Release|Any CPU.Build.0 = Release|Any CPU
		{F550291D-5B70-46AD-9B71-E76CEDF3C96B}.Debug|Any CPU.ActiveCfg = Debug|Any CPU
		{F550291D-5B70-46AD-9B71-E76CEDF3C96B}.Debug|Any CPU.Build.0 = Debug|Any CPU
		{F550291D-5B70-46AD-9B71-E76CEDF3C96B}.Release|Any CPU.ActiveCfg = Release|Any CPU
		{F550291D-5B70-46AD-9B71-E76CEDF3C96B}.Release|Any CPU.Build.0 = Release|Any CPU
		{D56D7F83-50E6-4454-A16E-F44E9365D698}.Debug|Any CPU.ActiveCfg = Debug|Any CPU
		{D56D7F83-50E6-4454-A16E-F44E9365D698}.Debug|Any CPU.Build.0 = Debug|Any CPU
		{D56D7F83-50E6-4454-A16E-F44E9365D698}.Release|Any CPU.ActiveCfg = Release|Any CPU
		{D56D7F83-50E6-4454-A16E-F44E9365D698}.Release|Any CPU.Build.0 = Release|Any CPU
		{496DC0F3-353E-4BB8-8AE8-A5850820983A}.Debug|Any CPU.ActiveCfg = Debug|Any CPU
		{496DC0F3-353E-4BB8-8AE8-A5850820983A}.Debug|Any CPU.Build.0 = Debug|Any CPU
		{496DC0F3-353E-4BB8-8AE8-A5850820983A}.Release|Any CPU.ActiveCfg = Release|Any CPU
		{496DC0F3-353E-4BB8-8AE8-A5850820983A}.Release|Any CPU.Build.0 = Release|Any CPU
		{AB325280-FE07-4ADB-8937-DCEBBF116A92}.Debug|Any CPU.ActiveCfg = Debug|Any CPU
		{AB325280-FE07-4ADB-8937-DCEBBF116A92}.Debug|Any CPU.Build.0 = Debug|Any CPU
		{AB325280-FE07-4ADB-8937-DCEBBF116A92}.Release|Any CPU.ActiveCfg = Release|Any CPU
		{AB325280-FE07-4ADB-8937-DCEBBF116A92}.Release|Any CPU.Build.0 = Release|Any CPU
		{8DCCC312-030F-4DCA-8EB9-1F6F0D7C0B50}.Debug|Any CPU.ActiveCfg = Debug|Any CPU
		{8DCCC312-030F-4DCA-8EB9-1F6F0D7C0B50}.Debug|Any CPU.Build.0 = Debug|Any CPU
		{8DCCC312-030F-4DCA-8EB9-1F6F0D7C0B50}.Release|Any CPU.ActiveCfg = Release|Any CPU
		{8DCCC312-030F-4DCA-8EB9-1F6F0D7C0B50}.Release|Any CPU.Build.0 = Release|Any CPU
		{006C9E68-07A8-4838-BBE4-A712D05B61D2}.Debug|Any CPU.ActiveCfg = Debug|Any CPU
		{006C9E68-07A8-4838-BBE4-A712D05B61D2}.Debug|Any CPU.Build.0 = Debug|Any CPU
		{006C9E68-07A8-4838-BBE4-A712D05B61D2}.Release|Any CPU.ActiveCfg = Release|Any CPU
		{006C9E68-07A8-4838-BBE4-A712D05B61D2}.Release|Any CPU.Build.0 = Release|Any CPU
		{0BF4C619-0B31-4E6B-8279-FB285C3B6C32}.Debug|Any CPU.ActiveCfg = Debug|Any CPU
		{0BF4C619-0B31-4E6B-8279-FB285C3B6C32}.Debug|Any CPU.Build.0 = Debug|Any CPU
		{0BF4C619-0B31-4E6B-8279-FB285C3B6C32}.Release|Any CPU.ActiveCfg = Release|Any CPU
		{0BF4C619-0B31-4E6B-8279-FB285C3B6C32}.Release|Any CPU.Build.0 = Release|Any CPU
		{1BDB87A7-F588-46DC-8D62-73F575524837}.Debug|Any CPU.ActiveCfg = Debug|Any CPU
		{1BDB87A7-F588-46DC-8D62-73F575524837}.Debug|Any CPU.Build.0 = Debug|Any CPU
		{1BDB87A7-F588-46DC-8D62-73F575524837}.Release|Any CPU.ActiveCfg = Release|Any CPU
		{1BDB87A7-F588-46DC-8D62-73F575524837}.Release|Any CPU.Build.0 = Release|Any CPU
		{AD6A5FEE-AA2D-4CAC-B68C-553B4A32218E}.Debug|Any CPU.ActiveCfg = Debug|Any CPU
		{AD6A5FEE-AA2D-4CAC-B68C-553B4A32218E}.Debug|Any CPU.Build.0 = Debug|Any CPU
		{AD6A5FEE-AA2D-4CAC-B68C-553B4A32218E}.Release|Any CPU.ActiveCfg = Release|Any CPU
		{AD6A5FEE-AA2D-4CAC-B68C-553B4A32218E}.Release|Any CPU.Build.0 = Release|Any CPU
		{522701CD-E54E-4421-8CAF-2FCF577F8B7A}.Debug|Any CPU.ActiveCfg = Debug|Any CPU
		{522701CD-E54E-4421-8CAF-2FCF577F8B7A}.Debug|Any CPU.Build.0 = Debug|Any CPU
		{522701CD-E54E-4421-8CAF-2FCF577F8B7A}.Release|Any CPU.ActiveCfg = Release|Any CPU
		{522701CD-E54E-4421-8CAF-2FCF577F8B7A}.Release|Any CPU.Build.0 = Release|Any CPU
		{F19D46A6-D530-4FEE-83DD-DF3E35937666}.Debug|Any CPU.ActiveCfg = Debug|Any CPU
		{F19D46A6-D530-4FEE-83DD-DF3E35937666}.Debug|Any CPU.Build.0 = Debug|Any CPU
		{F19D46A6-D530-4FEE-83DD-DF3E35937666}.Release|Any CPU.ActiveCfg = Release|Any CPU
		{F19D46A6-D530-4FEE-83DD-DF3E35937666}.Release|Any CPU.Build.0 = Release|Any CPU
		{FD6AEC5C-3A0E-4259-9220-FB69DB3ADA02}.Debug|Any CPU.ActiveCfg = Debug|Any CPU
		{FD6AEC5C-3A0E-4259-9220-FB69DB3ADA02}.Debug|Any CPU.Build.0 = Debug|Any CPU
		{FD6AEC5C-3A0E-4259-9220-FB69DB3ADA02}.Release|Any CPU.ActiveCfg = Release|Any CPU
		{FD6AEC5C-3A0E-4259-9220-FB69DB3ADA02}.Release|Any CPU.Build.0 = Release|Any CPU
		{9ADD6891-1451-4729-8A2C-35650A256B40}.Debug|Any CPU.ActiveCfg = Debug|Any CPU
		{9ADD6891-1451-4729-8A2C-35650A256B40}.Debug|Any CPU.Build.0 = Debug|Any CPU
		{9ADD6891-1451-4729-8A2C-35650A256B40}.Release|Any CPU.ActiveCfg = Release|Any CPU
		{9ADD6891-1451-4729-8A2C-35650A256B40}.Release|Any CPU.Build.0 = Release|Any CPU
		{ED91C9B5-714F-4F59-8122-E4BEA9B48731}.Debug|Any CPU.ActiveCfg = Debug|Any CPU
		{ED91C9B5-714F-4F59-8122-E4BEA9B48731}.Debug|Any CPU.Build.0 = Debug|Any CPU
		{ED91C9B5-714F-4F59-8122-E4BEA9B48731}.Release|Any CPU.ActiveCfg = Release|Any CPU
		{ED91C9B5-714F-4F59-8122-E4BEA9B48731}.Release|Any CPU.Build.0 = Release|Any CPU
		{82444662-3614-4450-9F2C-96447773427C}.Debug|Any CPU.ActiveCfg = Debug|Any CPU
		{82444662-3614-4450-9F2C-96447773427C}.Debug|Any CPU.Build.0 = Debug|Any CPU
		{82444662-3614-4450-9F2C-96447773427C}.Release|Any CPU.ActiveCfg = Release|Any CPU
		{82444662-3614-4450-9F2C-96447773427C}.Release|Any CPU.Build.0 = Release|Any CPU
		{DBA5D241-9166-4E94-B9E9-DDD31C31B801}.Debug|Any CPU.ActiveCfg = Debug|Any CPU
		{DBA5D241-9166-4E94-B9E9-DDD31C31B801}.Debug|Any CPU.Build.0 = Debug|Any CPU
		{DBA5D241-9166-4E94-B9E9-DDD31C31B801}.Release|Any CPU.ActiveCfg = Release|Any CPU
		{DBA5D241-9166-4E94-B9E9-DDD31C31B801}.Release|Any CPU.Build.0 = Release|Any CPU
		{45E1D292-DD99-4844-8473-9F1BE757EC9C}.Debug|Any CPU.ActiveCfg = Debug|Any CPU
		{45E1D292-DD99-4844-8473-9F1BE757EC9C}.Debug|Any CPU.Build.0 = Debug|Any CPU
		{45E1D292-DD99-4844-8473-9F1BE757EC9C}.Release|Any CPU.ActiveCfg = Release|Any CPU
		{45E1D292-DD99-4844-8473-9F1BE757EC9C}.Release|Any CPU.Build.0 = Release|Any CPU
		{87649F19-78CF-461F-B746-2AB95A194CA9}.Debug|Any CPU.ActiveCfg = Debug|Any CPU
		{87649F19-78CF-461F-B746-2AB95A194CA9}.Debug|Any CPU.Build.0 = Debug|Any CPU
		{87649F19-78CF-461F-B746-2AB95A194CA9}.Release|Any CPU.ActiveCfg = Release|Any CPU
		{87649F19-78CF-461F-B746-2AB95A194CA9}.Release|Any CPU.Build.0 = Release|Any CPU
		{8E642CA6-8434-499F-9661-B03AB0EDF897}.Debug|Any CPU.ActiveCfg = Debug|Any CPU
		{8E642CA6-8434-499F-9661-B03AB0EDF897}.Debug|Any CPU.Build.0 = Debug|Any CPU
		{8E642CA6-8434-499F-9661-B03AB0EDF897}.Release|Any CPU.ActiveCfg = Release|Any CPU
		{8E642CA6-8434-499F-9661-B03AB0EDF897}.Release|Any CPU.Build.0 = Release|Any CPU
		{5746C379-904A-446D-B37B-3958AE03E09F}.Debug|Any CPU.ActiveCfg = Debug|Any CPU
		{5746C379-904A-446D-B37B-3958AE03E09F}.Debug|Any CPU.Build.0 = Debug|Any CPU
		{5746C379-904A-446D-B37B-3958AE03E09F}.Release|Any CPU.ActiveCfg = Release|Any CPU
		{5746C379-904A-446D-B37B-3958AE03E09F}.Release|Any CPU.Build.0 = Release|Any CPU
		{4C9DC969-8F0E-471F-AE0F-8B755D340023}.Debug|Any CPU.ActiveCfg = Debug|Any CPU
		{4C9DC969-8F0E-471F-AE0F-8B755D340023}.Debug|Any CPU.Build.0 = Debug|Any CPU
		{4C9DC969-8F0E-471F-AE0F-8B755D340023}.Release|Any CPU.ActiveCfg = Release|Any CPU
		{4C9DC969-8F0E-471F-AE0F-8B755D340023}.Release|Any CPU.Build.0 = Release|Any CPU
		{2D96B43A-00DB-4182-B7EF-ACEFBECD69EE}.Debug|Any CPU.ActiveCfg = Debug|Any CPU
		{2D96B43A-00DB-4182-B7EF-ACEFBECD69EE}.Debug|Any CPU.Build.0 = Debug|Any CPU
		{2D96B43A-00DB-4182-B7EF-ACEFBECD69EE}.Release|Any CPU.ActiveCfg = Release|Any CPU
		{2D96B43A-00DB-4182-B7EF-ACEFBECD69EE}.Release|Any CPU.Build.0 = Release|Any CPU
		{29FBCECF-F29A-4933-8982-AA8F4F017F0B}.Debug|Any CPU.ActiveCfg = Debug|Any CPU
		{29FBCECF-F29A-4933-8982-AA8F4F017F0B}.Debug|Any CPU.Build.0 = Debug|Any CPU
		{29FBCECF-F29A-4933-8982-AA8F4F017F0B}.Release|Any CPU.ActiveCfg = Release|Any CPU
		{29FBCECF-F29A-4933-8982-AA8F4F017F0B}.Release|Any CPU.Build.0 = Release|Any CPU
		{B778A25C-D404-4123-A4B2-5DDDB6FE7848}.Debug|Any CPU.ActiveCfg = Debug|Any CPU
		{B778A25C-D404-4123-A4B2-5DDDB6FE7848}.Debug|Any CPU.Build.0 = Debug|Any CPU
		{B778A25C-D404-4123-A4B2-5DDDB6FE7848}.Release|Any CPU.ActiveCfg = Release|Any CPU
		{B778A25C-D404-4123-A4B2-5DDDB6FE7848}.Release|Any CPU.Build.0 = Release|Any CPU
		{7CA7A3E5-48EB-496B-AC46-B8DF61C94AF7}.Debug|Any CPU.ActiveCfg = Debug|Any CPU
		{7CA7A3E5-48EB-496B-AC46-B8DF61C94AF7}.Debug|Any CPU.Build.0 = Debug|Any CPU
		{7CA7A3E5-48EB-496B-AC46-B8DF61C94AF7}.Release|Any CPU.ActiveCfg = Release|Any CPU
		{7CA7A3E5-48EB-496B-AC46-B8DF61C94AF7}.Release|Any CPU.Build.0 = Release|Any CPU
		{3024CD55-E03C-42F7-BF71-C1EA417A166C}.Debug|Any CPU.ActiveCfg = Debug|Any CPU
		{3024CD55-E03C-42F7-BF71-C1EA417A166C}.Debug|Any CPU.Build.0 = Debug|Any CPU
		{3024CD55-E03C-42F7-BF71-C1EA417A166C}.Release|Any CPU.ActiveCfg = Release|Any CPU
		{3024CD55-E03C-42F7-BF71-C1EA417A166C}.Release|Any CPU.Build.0 = Release|Any CPU
		{9BE18DAC-A3D4-470B-843F-58A7FE2C52BA}.Debug|Any CPU.ActiveCfg = Debug|Any CPU
		{9BE18DAC-A3D4-470B-843F-58A7FE2C52BA}.Debug|Any CPU.Build.0 = Debug|Any CPU
		{9BE18DAC-A3D4-470B-843F-58A7FE2C52BA}.Release|Any CPU.ActiveCfg = Release|Any CPU
		{9BE18DAC-A3D4-470B-843F-58A7FE2C52BA}.Release|Any CPU.Build.0 = Release|Any CPU
		{52BF12B4-B273-4B11-B887-E9EEC38EFF22}.Debug|Any CPU.ActiveCfg = Debug|Any CPU
		{52BF12B4-B273-4B11-B887-E9EEC38EFF22}.Debug|Any CPU.Build.0 = Debug|Any CPU
		{52BF12B4-B273-4B11-B887-E9EEC38EFF22}.Release|Any CPU.ActiveCfg = Release|Any CPU
		{52BF12B4-B273-4B11-B887-E9EEC38EFF22}.Release|Any CPU.Build.0 = Release|Any CPU
	EndGlobalSection
	GlobalSection(SolutionProperties) = preSolution
		HideSolutionNode = FALSE
	EndGlobalSection
	GlobalSection(NestedProjects) = preSolution
		{FB023793-7ABD-40A8-B0B0-117AB3486017} = {94125558-1A8A-42F9-BB59-B3D670D2EF5E}
		{2EDD084E-58F6-48A4-B287-37D2BFF6C188} = {94125558-1A8A-42F9-BB59-B3D670D2EF5E}
		{960576E4-7A5C-49B9-B43F-5A4525FA3E83} = {94125558-1A8A-42F9-BB59-B3D670D2EF5E}
		{027E7703-4974-46D3-AE3F-5B298A8EFD6C} = {94125558-1A8A-42F9-BB59-B3D670D2EF5E}
		{F2CAF256-F59A-4459-B9AC-E1457B92DC97} = {94125558-1A8A-42F9-BB59-B3D670D2EF5E}
		{731B0BEC-2976-4C73-AC26-8D934C5D2E7A} = {94125558-1A8A-42F9-BB59-B3D670D2EF5E}
		{F550291D-5B70-46AD-9B71-E76CEDF3C96B} = {94125558-1A8A-42F9-BB59-B3D670D2EF5E}
		{D56D7F83-50E6-4454-A16E-F44E9365D698} = {94125558-1A8A-42F9-BB59-B3D670D2EF5E}
		{496DC0F3-353E-4BB8-8AE8-A5850820983A} = {94125558-1A8A-42F9-BB59-B3D670D2EF5E}
		{AB325280-FE07-4ADB-8937-DCEBBF116A92} = {94125558-1A8A-42F9-BB59-B3D670D2EF5E}
		{8DCCC312-030F-4DCA-8EB9-1F6F0D7C0B50} = {94125558-1A8A-42F9-BB59-B3D670D2EF5E}
		{006C9E68-07A8-4838-BBE4-A712D05B61D2} = {94125558-1A8A-42F9-BB59-B3D670D2EF5E}
		{0BF4C619-0B31-4E6B-8279-FB285C3B6C32} = {94125558-1A8A-42F9-BB59-B3D670D2EF5E}
		{1BDB87A7-F588-46DC-8D62-73F575524837} = {94125558-1A8A-42F9-BB59-B3D670D2EF5E}
		{AD6A5FEE-AA2D-4CAC-B68C-553B4A32218E} = {94125558-1A8A-42F9-BB59-B3D670D2EF5E}
		{522701CD-E54E-4421-8CAF-2FCF577F8B7A} = {94125558-1A8A-42F9-BB59-B3D670D2EF5E}
		{F19D46A6-D530-4FEE-83DD-DF3E35937666} = {94125558-1A8A-42F9-BB59-B3D670D2EF5E}
		{FD6AEC5C-3A0E-4259-9220-FB69DB3ADA02} = {94125558-1A8A-42F9-BB59-B3D670D2EF5E}
		{9ADD6891-1451-4729-8A2C-35650A256B40} = {94125558-1A8A-42F9-BB59-B3D670D2EF5E}
		{ED91C9B5-714F-4F59-8122-E4BEA9B48731} = {94125558-1A8A-42F9-BB59-B3D670D2EF5E}
		{82444662-3614-4450-9F2C-96447773427C} = {94125558-1A8A-42F9-BB59-B3D670D2EF5E}
		{DBA5D241-9166-4E94-B9E9-DDD31C31B801} = {94125558-1A8A-42F9-BB59-B3D670D2EF5E}
		{45E1D292-DD99-4844-8473-9F1BE757EC9C} = {94125558-1A8A-42F9-BB59-B3D670D2EF5E}
		{87649F19-78CF-461F-B746-2AB95A194CA9} = {94125558-1A8A-42F9-BB59-B3D670D2EF5E}
	EndGlobalSection
	GlobalSection(ExtensibilityGlobals) = postSolution
		SolutionGuid = {82121B8C-E197-4796-AC19-F1704DDF3668}
	EndGlobalSection
EndGlobal
