
Microsoft Visual Studio Solution File, Format Version 12.00
# Visual Studio Version 17
VisualStudioVersion = 17.0.31903.59
MinimumVisualStudioVersion = 10.0.40219.1
Project("{9A19103F-16F7-4668-BE54-9A1E7A4F7556}") = "Tools", "Tools\Tools.csproj", "{29E7ABDD-00E5-4DF5-B641-D65AC39215CB}"
EndProject
Project("{9A19103F-16F7-4668-BE54-9A1E7A4F7556}") = "Day01_1", "Day01_1\Day01_1.csproj", "{FB023793-7ABD-40A8-B0B0-117AB3486017}"
EndProject
Project("{9A19103F-16F7-4668-BE54-9A1E7A4F7556}") = "Day01_2", "Day01_2\Day01_2.csproj", "{2EDD084E-58F6-48A4-B287-37D2BFF6C188}"
EndProject
Project("{9A19103F-16F7-4668-BE54-9A1E7A4F7556}") = "Day02_1", "Day02_1\Day02_1.csproj", "{960576E4-7A5C-49B9-B43F-5A4525FA3E83}"
EndProject
Project("{9A19103F-16F7-4668-BE54-9A1E7A4F7556}") = "Day02_2", "Day02_2\Day02_2.csproj", "{027E7703-4974-46D3-AE3F-5B298A8EFD6C}"
EndProject
Project("{9A19103F-16F7-4668-BE54-9A1E7A4F7556}") = "Day03_1", "Day03_1\Day03_1.csproj", "{F2CAF256-F59A-4459-B9AC-E1457B92DC97}"
EndProject
Project("{9A19103F-16F7-4668-BE54-9A1E7A4F7556}") = "Day03_2", "Day03_2\Day03_2.csproj", "{731B0BEC-2976-4C73-AC26-8D934C5D2E7A}"
EndProject
Project("{9A19103F-16F7-4668-BE54-9A1E7A4F7556}") = "Day04_1", "Day04_1\Day04_1.csproj", "{F550291D-5B70-46AD-9B71-E76CEDF3C96B}"
EndProject
Project("{9A19103F-16F7-4668-BE54-9A1E7A4F7556}") = "Day04_2", "Day04_2\Day04_2.csproj", "{D56D7F83-50E6-4454-A16E-F44E9365D698}"
EndProject
Project("{FAE04EC0-301F-11D3-BF4B-00C04F79EFBC}") = "Day05_1", "Day05_1\Day05_1.csproj", "{496DC0F3-353E-4BB8-8AE8-A5850820983A}"
EndProject
Project("{FAE04EC0-301F-11D3-BF4B-00C04F79EFBC}") = "Day05_2", "Day05_2\Day05_2.csproj", "{AB325280-FE07-4ADB-8937-DCEBBF116A92}"
EndProject
Global
	GlobalSection(SolutionConfigurationPlatforms) = preSolution
		Debug|Any CPU = Debug|Any CPU
		Release|Any CPU = Release|Any CPU
	EndGlobalSection
	GlobalSection(ProjectConfigurationPlatforms) = postSolution
		{29E7ABDD-00E5-4DF5-B641-D65AC39215CB}.Debug|Any CPU.ActiveCfg = Debug|Any CPU
		{29E7ABDD-00E5-4DF5-B641-D65AC39215CB}.Debug|Any CPU.Build.0 = Debug|Any CPU
		{29E7ABDD-00E5-4DF5-B641-D65AC39215CB}.Release|Any CPU.ActiveCfg = Release|Any CPU
		{29E7ABDD-00E5-4DF5-B641-D65AC39215CB}.Release|Any CPU.Build.0 = Release|Any CPU
		{FB023793-7ABD-40A8-B0B0-117AB3486017}.Debug|Any CPU.ActiveCfg = Debug|Any CPU
		{FB023793-7ABD-40A8-B0B0-117AB3486017}.Debug|Any CPU.Build.0 = Debug|Any CPU
		{FB023793-7ABD-40A8-B0B0-117AB3486017}.Release|Any CPU.ActiveCfg = Release|Any CPU
		{FB023793-7ABD-40A8-B0B0-117AB3486017}.Release|Any CPU.Build.0 = Release|Any CPU
		{2EDD084E-58F6-48A4-B287-37D2BFF6C188}.Debug|Any CPU.ActiveCfg = Debug|Any CPU
		{2EDD084E-58F6-48A4-B287-37D2BFF6C188}.Debug|Any CPU.Build.0 = Debug|Any CPU
		{2EDD084E-58F6-48A4-B287-37D2BFF6C188}.Release|Any CPU.ActiveCfg = Release|Any CPU
		{2EDD084E-58F6-48A4-B287-37D2BFF6C188}.Release|Any CPU.Build.0 = Release|Any CPU
		{960576E4-7A5C-49B9-B43F-5A4525FA3E83}.Debug|Any CPU.ActiveCfg = Debug|Any CPU
		{960576E4-7A5C-49B9-B43F-5A4525FA3E83}.Debug|Any CPU.Build.0 = Debug|Any CPU
		{960576E4-7A5C-49B9-B43F-5A4525FA3E83}.Release|Any CPU.ActiveCfg = Release|Any CPU
		{960576E4-7A5C-49B9-B43F-5A4525FA3E83}.Release|Any CPU.Build.0 = Release|Any CPU
		{027E7703-4974-46D3-AE3F-5B298A8EFD6C}.Debug|Any CPU.ActiveCfg = Debug|Any CPU
		{027E7703-4974-46D3-AE3F-5B298A8EFD6C}.Debug|Any CPU.Build.0 = Debug|Any CPU
		{027E7703-4974-46D3-AE3F-5B298A8EFD6C}.Release|Any CPU.ActiveCfg = Release|Any CPU
		{027E7703-4974-46D3-AE3F-5B298A8EFD6C}.Release|Any CPU.Build.0 = Release|Any CPU
		{F2CAF256-F59A-4459-B9AC-E1457B92DC97}.Debug|Any CPU.ActiveCfg = Debug|Any CPU
		{F2CAF256-F59A-4459-B9AC-E1457B92DC97}.Debug|Any CPU.Build.0 = Debug|Any CPU
		{F2CAF256-F59A-4459-B9AC-E1457B92DC97}.Release|Any CPU.ActiveCfg = Release|Any CPU
		{F2CAF256-F59A-4459-B9AC-E1457B92DC97}.Release|Any CPU.Build.0 = Release|Any CPU
		{731B0BEC-2976-4C73-AC26-8D934C5D2E7A}.Debug|Any CPU.ActiveCfg = Debug|Any CPU
		{731B0BEC-2976-4C73-AC26-8D934C5D2E7A}.Debug|Any CPU.Build.0 = Debug|Any CPU
		{731B0BEC-2976-4C73-AC26-8D934C5D2E7A}.Release|Any CPU.ActiveCfg = Release|Any CPU
		{731B0BEC-2976-4C73-AC26-8D934C5D2E7A}.Release|Any CPU.Build.0 = Release|Any CPU
		{F550291D-5B70-46AD-9B71-E76CEDF3C96B}.Debug|Any CPU.ActiveCfg = Debug|Any CPU
		{F550291D-5B70-46AD-9B71-E76CEDF3C96B}.Debug|Any CPU.Build.0 = Debug|Any CPU
		{F550291D-5B70-46AD-9B71-E76CEDF3C96B}.Release|Any CPU.ActiveCfg = Release|Any CPU
		{F550291D-5B70-46AD-9B71-E76CEDF3C96B}.Release|Any CPU.Build.0 = Release|Any CPU
		{D56D7F83-50E6-4454-A16E-F44E9365D698}.Debug|Any CPU.ActiveCfg = Debug|Any CPU
		{D56D7F83-50E6-4454-A16E-F44E9365D698}.Debug|Any CPU.Build.0 = Debug|Any CPU
		{D56D7F83-50E6-4454-A16E-F44E9365D698}.Release|Any CPU.ActiveCfg = Release|Any CPU
		{D56D7F83-50E6-4454-A16E-F44E9365D698}.Release|Any CPU.Build.0 = Release|Any CPU
		{496DC0F3-353E-4BB8-8AE8-A5850820983A}.Debug|Any CPU.ActiveCfg = Debug|Any CPU
		{496DC0F3-353E-4BB8-8AE8-A5850820983A}.Debug|Any CPU.Build.0 = Debug|Any CPU
		{496DC0F3-353E-4BB8-8AE8-A5850820983A}.Release|Any CPU.ActiveCfg = Release|Any CPU
		{496DC0F3-353E-4BB8-8AE8-A5850820983A}.Release|Any CPU.Build.0 = Release|Any CPU
		{AB325280-FE07-4ADB-8937-DCEBBF116A92}.Debug|Any CPU.ActiveCfg = Debug|Any CPU
		{AB325280-FE07-4ADB-8937-DCEBBF116A92}.Debug|Any CPU.Build.0 = Debug|Any CPU
		{AB325280-FE07-4ADB-8937-DCEBBF116A92}.Release|Any CPU.ActiveCfg = Release|Any CPU
		{AB325280-FE07-4ADB-8937-DCEBBF116A92}.Release|Any CPU.Build.0 = Release|Any CPU
	EndGlobalSection
	GlobalSection(SolutionProperties) = preSolution
		HideSolutionNode = FALSE
	EndGlobalSection
	GlobalSection(ExtensibilityGlobals) = postSolution
		SolutionGuid = {82121B8C-E197-4796-AC19-F1704DDF3668}
	EndGlobalSection
EndGlobal
